
Microsoft Visual Studio Solution File, Format Version 12.00
# Visual Studio Version 16
VisualStudioVersion = 16.0.30406.217
MinimumVisualStudioVersion = 10.0.40219.1
Project("{888888A0-9F3D-457C-B088-3A5042F75D52}") = "game sudoko", "game sudoko\game sudoko.pyproj", "{F606587C-FD1C-4C7E-B9B3-5427F77C5F69}"
EndProject
Global
	GlobalSection(SolutionConfigurationPlatforms) = preSolution
		Debug|Any CPU = Debug|Any CPU
		Release|Any CPU = Release|Any CPU
	EndGlobalSection
	GlobalSection(ProjectConfigurationPlatforms) = postSolution
		{F606587C-FD1C-4C7E-B9B3-5427F77C5F69}.Debug|Any CPU.ActiveCfg = Debug|Any CPU
		{F606587C-FD1C-4C7E-B9B3-5427F77C5F69}.Release|Any CPU.ActiveCfg = Release|Any CPU
	EndGlobalSection
	GlobalSection(SolutionProperties) = preSolution
		HideSolutionNode = FALSE
	EndGlobalSection
	GlobalSection(ExtensibilityGlobals) = postSolution
		SolutionGuid = {A7E2C6B5-8D3C-4F3C-BDAF-5EBD67B6892D}
	EndGlobalSection
EndGlobal
